
Microsoft Visual Studio Solution File, Format Version 12.00
# Visual Studio Version 17
VisualStudioVersion = 17.3.32811.315
MinimumVisualStudioVersion = 10.0.40219.1
Project("{00D1A9C2-B5F0-4AF3-8072-F6C62B433612}") = "HotelAppDB", "HotelAppDB\HotelAppDB.sqlproj", "{DFD2BB0D-60CE-4860-B5EB-550549FAC39A}"
EndProject
Project("{9A19103F-16F7-4668-BE54-9A1E7A4F7556}") = "HotelAppLibrary", "HotelAppLibrary\HotelAppLibrary.csproj", "{0153A21C-CAEC-4B76-A799-BCC9E0606C28}"
EndProject
Project("{9A19103F-16F7-4668-BE54-9A1E7A4F7556}") = "HotelApp.Web", "HotelApp.Web\HotelApp.Web.csproj", "{D0BBBB88-2B0C-4A65-8790-4160263A4353}"
EndProject
Project("{9A19103F-16F7-4668-BE54-9A1E7A4F7556}") = "HotelApp.Desktop", "HotelApp.Desktop\HotelApp.Desktop.csproj", "{269BACD6-D02D-4B97-ADB3-A69EFB8CAD00}"
EndProject
Global
	GlobalSection(SolutionConfigurationPlatforms) = preSolution
		Debug|Any CPU = Debug|Any CPU
		Release|Any CPU = Release|Any CPU
	EndGlobalSection
	GlobalSection(ProjectConfigurationPlatforms) = postSolution
		{DFD2BB0D-60CE-4860-B5EB-550549FAC39A}.Debug|Any CPU.ActiveCfg = Debug|Any CPU
		{DFD2BB0D-60CE-4860-B5EB-550549FAC39A}.Debug|Any CPU.Build.0 = Debug|Any CPU
		{DFD2BB0D-60CE-4860-B5EB-550549FAC39A}.Debug|Any CPU.Deploy.0 = Debug|Any CPU
		{DFD2BB0D-60CE-4860-B5EB-550549FAC39A}.Release|Any CPU.ActiveCfg = Release|Any CPU
		{DFD2BB0D-60CE-4860-B5EB-550549FAC39A}.Release|Any CPU.Build.0 = Release|Any CPU
		{DFD2BB0D-60CE-4860-B5EB-550549FAC39A}.Release|Any CPU.Deploy.0 = Release|Any CPU
		{0153A21C-CAEC-4B76-A799-BCC9E0606C28}.Debug|Any CPU.ActiveCfg = Debug|Any CPU
		{0153A21C-CAEC-4B76-A799-BCC9E0606C28}.Debug|Any CPU.Build.0 = Debug|Any CPU
		{0153A21C-CAEC-4B76-A799-BCC9E0606C28}.Release|Any CPU.ActiveCfg = Release|Any CPU
		{0153A21C-CAEC-4B76-A799-BCC9E0606C28}.Release|Any CPU.Build.0 = Release|Any CPU
		{D0BBBB88-2B0C-4A65-8790-4160263A4353}.Debug|Any CPU.ActiveCfg = Debug|Any CPU
		{D0BBBB88-2B0C-4A65-8790-4160263A4353}.Debug|Any CPU.Build.0 = Debug|Any CPU
		{D0BBBB88-2B0C-4A65-8790-4160263A4353}.Release|Any CPU.ActiveCfg = Release|Any CPU
		{D0BBBB88-2B0C-4A65-8790-4160263A4353}.Release|Any CPU.Build.0 = Release|Any CPU
		{269BACD6-D02D-4B97-ADB3-A69EFB8CAD00}.Debug|Any CPU.ActiveCfg = Debug|Any CPU
		{269BACD6-D02D-4B97-ADB3-A69EFB8CAD00}.Debug|Any CPU.Build.0 = Debug|Any CPU
		{269BACD6-D02D-4B97-ADB3-A69EFB8CAD00}.Release|Any CPU.ActiveCfg = Release|Any CPU
		{269BACD6-D02D-4B97-ADB3-A69EFB8CAD00}.Release|Any CPU.Build.0 = Release|Any CPU
	EndGlobalSection
	GlobalSection(SolutionProperties) = preSolution
		HideSolutionNode = FALSE
	EndGlobalSection
	GlobalSection(ExtensibilityGlobals) = postSolution
		SolutionGuid = {6C903AC6-A90F-41A7-939E-497330FB1AE1}
	EndGlobalSection
EndGlobal
